
Microsoft Visual Studio Solution File, Format Version 12.00
Project("{FAE04EC0-301F-11D3-BF4B-00C04F79EFBC}") = "Passwords2.0", "Passwords2.0\Passwords2.0.csproj", "{7555990E-1C8B-402E-9831-B0E8725001FF}"
EndProject
Project("{FAE04EC0-301F-11D3-BF4B-00C04F79EFBC}") = "UnitTest1", "UnitTest1\UnitTest1.csproj", "{C9CA18AA-E34D-4A33-84C9-C32A390E9712}"
EndProject
Global
	GlobalSection(SolutionConfigurationPlatforms) = preSolution
		Debug|Any CPU = Debug|Any CPU
		Release|Any CPU = Release|Any CPU
	EndGlobalSection
	GlobalSection(ProjectConfigurationPlatforms) = postSolution
		{7555990E-1C8B-402E-9831-B0E8725001FF}.Debug|Any CPU.ActiveCfg = Debug|Any CPU
		{7555990E-1C8B-402E-9831-B0E8725001FF}.Debug|Any CPU.Build.0 = Debug|Any CPU
		{7555990E-1C8B-402E-9831-B0E8725001FF}.Release|Any CPU.ActiveCfg = Release|Any CPU
		{7555990E-1C8B-402E-9831-B0E8725001FF}.Release|Any CPU.Build.0 = Release|Any CPU
		{C9CA18AA-E34D-4A33-84C9-C32A390E9712}.Debug|Any CPU.ActiveCfg = Debug|Any CPU
		{C9CA18AA-E34D-4A33-84C9-C32A390E9712}.Debug|Any CPU.Build.0 = Debug|Any CPU
		{C9CA18AA-E34D-4A33-84C9-C32A390E9712}.Release|Any CPU.ActiveCfg = Release|Any CPU
		{C9CA18AA-E34D-4A33-84C9-C32A390E9712}.Release|Any CPU.Build.0 = Release|Any CPU
	EndGlobalSection
EndGlobal
